
Microsoft Visual Studio Solution File, Format Version 12.00
# Visual Studio Version 17
VisualStudioVersion = 17.13.35806.99
MinimumVisualStudioVersion = 10.0.40219.1
Project("{FAE04EC0-301F-11D3-BF4B-00C04F79EFBC}") = "StartExplore.API", "StartExplore.API\StartExplore.API.csproj", "{FD263D19-38D8-4EF8-91DF-9B809080479C}"
EndProject
Project("{FAE04EC0-301F-11D3-BF4B-00C04F79EFBC}") = "StartExplore.UI", "StartExplore.UI\StartExplore.UI.csproj", "{28BF7677-533D-49D2-BCF8-F7AAB2E3CFA3}"
EndProject
Global
	GlobalSection(SolutionConfigurationPlatforms) = preSolution
		Debug|Any CPU = Debug|Any CPU
		Release|Any CPU = Release|Any CPU
	EndGlobalSection
	GlobalSection(ProjectConfigurationPlatforms) = postSolution
		{FD263D19-38D8-4EF8-91DF-9B809080479C}.Debug|Any CPU.ActiveCfg = Debug|Any CPU
		{FD263D19-38D8-4EF8-91DF-9B809080479C}.Debug|Any CPU.Build.0 = Debug|Any CPU
		{FD263D19-38D8-4EF8-91DF-9B809080479C}.Release|Any CPU.ActiveCfg = Release|Any CPU
		{FD263D19-38D8-4EF8-91DF-9B809080479C}.Release|Any CPU.Build.0 = Release|Any CPU
		{28BF7677-533D-49D2-BCF8-F7AAB2E3CFA3}.Debug|Any CPU.ActiveCfg = Debug|Any CPU
		{28BF7677-533D-49D2-BCF8-F7AAB2E3CFA3}.Debug|Any CPU.Build.0 = Debug|Any CPU
		{28BF7677-533D-49D2-BCF8-F7AAB2E3CFA3}.Release|Any CPU.ActiveCfg = Release|Any CPU
		{28BF7677-533D-49D2-BCF8-F7AAB2E3CFA3}.Release|Any CPU.Build.0 = Release|Any CPU
	EndGlobalSection
	GlobalSection(SolutionProperties) = preSolution
		HideSolutionNode = FALSE
	EndGlobalSection
	GlobalSection(ExtensibilityGlobals) = postSolution
		SolutionGuid = {8FCFFFF3-E82C-4483-988E-7062E2FBED28}
	EndGlobalSection
EndGlobal
